
Microsoft Visual Studio Solution File, Format Version 12.00
# Visual Studio 14
VisualStudioVersion = 14.0.24720.0
MinimumVisualStudioVersion = 10.0.40219.1
Project("{FAE04EC0-301F-11D3-BF4B-00C04F79EFBC}") = "FynBusSystem", "FynBusSystem\FynBusSystem.csproj", "{ACDF7282-7E0E-44B3-BBE9-BC44A9E2F122}"
EndProject
Global
	GlobalSection(SolutionConfigurationPlatforms) = preSolution
		Debug|Any CPU = Debug|Any CPU
		Release|Any CPU = Release|Any CPU
	EndGlobalSection
	GlobalSection(ProjectConfigurationPlatforms) = postSolution
		{ACDF7282-7E0E-44B3-BBE9-BC44A9E2F122}.Debug|Any CPU.ActiveCfg = Debug|Any CPU
		{ACDF7282-7E0E-44B3-BBE9-BC44A9E2F122}.Debug|Any CPU.Build.0 = Debug|Any CPU
		{ACDF7282-7E0E-44B3-BBE9-BC44A9E2F122}.Release|Any CPU.ActiveCfg = Release|Any CPU
		{ACDF7282-7E0E-44B3-BBE9-BC44A9E2F122}.Release|Any CPU.Build.0 = Release|Any CPU
	EndGlobalSection
	GlobalSection(SolutionProperties) = preSolution
		HideSolutionNode = FALSE
	EndGlobalSection
EndGlobal
